Microsoft Visual Studio Solution File, Format Version 10.00
# Visual Studio 2008
Project("{8BC9CEB8-8B4A-11D0-8D11-00A0C91BC942}") = "cgame", "cgame.vcproj", "{C878E295-CB82-4B40-8ECF-5CE5525466FA}"
EndProject
Project("{8BC9CEB8-8B4A-11D0-8D11-00A0C91BC942}") = "game", "game.vcproj", "{F9EE10DA-2404-4154-B904-F93C936C040A}"
EndProject
Project("{8BC9CEB8-8B4A-11D0-8D11-00A0C91BC942}") = "renderer", "renderer.vcproj", "{BF00AA05-BECF-4838-8B1F-4CF8CC83B56A}"
EndProject
Project("{8BC9CEB8-8B4A-11D0-8D11-00A0C91BC942}") = "materialSystem", "materialSystem.vcproj", "{B93D05ED-C73C-4797-A47B-AC898ECF0459}"
EndProject
Project("{8BC9CEB8-8B4A-11D0-8D11-00A0C91BC942}") = "imageLib", "imageLib.vcproj", "{607BEC1E-1C28-4BB2-8B36-71377A41A631}"
EndProject
Project("{8BC9CEB8-8B4A-11D0-8D11-00A0C91BC942}") = "cm", "cm.vcproj", "{FEFA37DE-66C8-4AF8-8D2D-1F441A543C59}"
EndProject
Project("{8BC9CEB8-8B4A-11D0-8D11-00A0C91BC942}") = "modelLoader", "modelLoader.vcproj", "{F5B4778A-0A42-4E81-8AD8-5743A5F99F7F}"
EndProject
Project("{8BC9CEB8-8B4A-11D0-8D11-00A0C91BC942}") = "backendGL", "backendGL.vcproj", "{B5D7E8CF-796B-4547-BE0A-A4A877A62456}"
EndProject
Project("{8BC9CEB8-8B4A-11D0-8D11-00A0C91BC942}") = "backendNULL", "backendNULL.vcproj", "{624D80B4-9EE5-44FE-A7C9-8D794F4C0CD7}"
EndProject
Project("{8BC9CEB8-8B4A-11D0-8D11-00A0C91BC942}") = "backendDX9", "backendDX9.vcproj", "{F707693F-7261-4CD5-AC1A-6D2B56BE9B52}"
EndProject
Project("{8BC9CEB8-8B4A-11D0-8D11-00A0C91BC942}") = "declManager", "declManager.vcproj", "{20638E69-F228-4CC1-94CF-C7CE326D2D88}"
EndProject
Project("{8BC9CEB8-8B4A-11D0-8D11-00A0C91BC942}") = "backendDX10", "backendDX10.vcproj", "{C04471A6-13A6-418B-8D96-A4929C67FAA8}"
EndProject
Project("{8BC9CEB8-8B4A-11D0-8D11-00A0C91BC942}") = "gphysics_bullet", "gphysics_bullet.vcproj", "{7CADFBEB-B846-4BBA-856E-4F2D6E43FB9D}"
EndProject
Project("{8BC9CEB8-8B4A-11D0-8D11-00A0C91BC942}") = "editor", "editor.vcproj", "{2F58DECA-EBEA-4138-B980-BA511AD46B2A}"
EndProject
Project("{8BC9CEB8-8B4A-11D0-8D11-00A0C91BC942}") = "core", "core.vcproj", "{81CB51C4-B434-4E12-B69B-BAEE102F2852}"
EndProject
Project("{8BC9CEB8-8B4A-11D0-8D11-00A0C91BC942}") = "LinearMath", "..\..\code\Library\bullet-2.80-rev2531\msvc\vs2008\LinearMath.vcproj", "{35B8E590-78AB-7444-B8A8-171B3827EF1C}"
EndProject
Project("{8BC9CEB8-8B4A-11D0-8D11-00A0C91BC942}") = "BulletCollision", "..\..\code\Library\bullet-2.80-rev2531\msvc\vs2008\BulletCollision.vcproj", "{4F1BDDF1-05B3-5441-B16F-FACB6696E8F8}"
EndProject
Project("{8BC9CEB8-8B4A-11D0-8D11-00A0C91BC942}") = "BulletDynamics", "..\..\code\Library\bullet-2.80-rev2531\msvc\vs2008\BulletDynamics.vcproj", "{AFBF2695-6BBA-7D41-80E4-308FCB2A37B7}"
EndProject
Project("{2150E333-8FDC-42A3-9474-1A3956D46DE8}") = "Engine", "Engine", "{F69CE293-C8B2-4122-AAA9-1796223A98D1}"
EndProject
Project("{2150E333-8FDC-42A3-9474-1A3956D46DE8}") = "Game Logic", "Game Logic", "{81660023-B6B0-44E3-BBA1-B002197813F5}"
EndProject
Project("{2150E333-8FDC-42A3-9474-1A3956D46DE8}") = "Libraries", "Libraries", "{634AC970-66FD-4C94-8996-239DC23143A4}"
EndProject
Project("{2150E333-8FDC-42A3-9474-1A3956D46DE8}") = "Documentation", "Documentation", "{56FF80DC-5311-4CDB-A220-22EF3F79F2A1}"
	ProjectSection(SolutionItems) = preProject
		..\..\code\Documents\BUGS = ..\..\code\Documents\BUGS
		..\..\code\Documents\Changelog = ..\..\code\Documents\Changelog
		..\..\code\Documents\FEATURES = ..\..\code\Documents\FEATURES
		..\..\code\Documents\Notes = ..\..\code\Documents\Notes
		..\..\code\Documents\TODO = ..\..\code\Documents\TODO
	EndProjectSection
EndProject
Global
	GlobalSection(SolutionConfigurationPlatforms) = preSolution
		Debug|Win32 = Debug|Win32
		Debug|x64 = Debug|x64
		Release|Win32 = Release|Win32
		Release|x64 = Release|x64
	EndGlobalSection
	GlobalSection(ProjectConfigurationPlatforms) = postSolution
		{C878E295-CB82-4B40-8ECF-5CE5525466FA}.Debug|Win32.ActiveCfg = Debug|Win32
		{C878E295-CB82-4B40-8ECF-5CE5525466FA}.Debug|Win32.Build.0 = Debug|Win32
		{C878E295-CB82-4B40-8ECF-5CE5525466FA}.Debug|x64.ActiveCfg = Debug|Win32
		{C878E295-CB82-4B40-8ECF-5CE5525466FA}.Release|Win32.ActiveCfg = Release|Win32
		{C878E295-CB82-4B40-8ECF-5CE5525466FA}.Release|Win32.Build.0 = Release|Win32
		{C878E295-CB82-4B40-8ECF-5CE5525466FA}.Release|x64.ActiveCfg = Release|Win32
		{F9EE10DA-2404-4154-B904-F93C936C040A}.Debug|Win32.ActiveCfg = Debug|Win32
		{F9EE10DA-2404-4154-B904-F93C936C040A}.Debug|Win32.Build.0 = Debug|Win32
		{F9EE10DA-2404-4154-B904-F93C936C040A}.Debug|x64.ActiveCfg = Debug|Win32
		{F9EE10DA-2404-4154-B904-F93C936C040A}.Release|Win32.ActiveCfg = Release|Win32
		{F9EE10DA-2404-4154-B904-F93C936C040A}.Release|Win32.Build.0 = Release|Win32
		{F9EE10DA-2404-4154-B904-F93C936C040A}.Release|x64.ActiveCfg = Release|Win32
		{BF00AA05-BECF-4838-8B1F-4CF8CC83B56A}.Debug|Win32.ActiveCfg = Debug|Win32
		{BF00AA05-BECF-4838-8B1F-4CF8CC83B56A}.Debug|Win32.Build.0 = Debug|Win32
		{BF00AA05-BECF-4838-8B1F-4CF8CC83B56A}.Debug|x64.ActiveCfg = Debug|Win32
		{BF00AA05-BECF-4838-8B1F-4CF8CC83B56A}.Release|Win32.ActiveCfg = Release|Win32
		{BF00AA05-BECF-4838-8B1F-4CF8CC83B56A}.Release|Win32.Build.0 = Release|Win32
		{BF00AA05-BECF-4838-8B1F-4CF8CC83B56A}.Release|x64.ActiveCfg = Release|Win32
		{B93D05ED-C73C-4797-A47B-AC898ECF0459}.Debug|Win32.ActiveCfg = Debug|Win32
		{B93D05ED-C73C-4797-A47B-AC898ECF0459}.Debug|Win32.Build.0 = Debug|Win32
		{B93D05ED-C73C-4797-A47B-AC898ECF0459}.Debug|x64.ActiveCfg = Debug|Win32
		{B93D05ED-C73C-4797-A47B-AC898ECF0459}.Release|Win32.ActiveCfg = Release|Win32
		{B93D05ED-C73C-4797-A47B-AC898ECF0459}.Release|Win32.Build.0 = Release|Win32
		{B93D05ED-C73C-4797-A47B-AC898ECF0459}.Release|x64.ActiveCfg = Release|Win32
		{607BEC1E-1C28-4BB2-8B36-71377A41A631}.Debug|Win32.ActiveCfg = Debug|Win32
		{607BEC1E-1C28-4BB2-8B36-71377A41A631}.Debug|Win32.Build.0 = Debug|Win32
		{607BEC1E-1C28-4BB2-8B36-71377A41A631}.Debug|x64.ActiveCfg = Debug|Win32
		{607BEC1E-1C28-4BB2-8B36-71377A41A631}.Release|Win32.ActiveCfg = Release|Win32
		{607BEC1E-1C28-4BB2-8B36-71377A41A631}.Release|Win32.Build.0 = Release|Win32
		{607BEC1E-1C28-4BB2-8B36-71377A41A631}.Release|x64.ActiveCfg = Release|Win32
		{FEFA37DE-66C8-4AF8-8D2D-1F441A543C59}.Debug|Win32.ActiveCfg = Debug|Win32
		{FEFA37DE-66C8-4AF8-8D2D-1F441A543C59}.Debug|Win32.Build.0 = Debug|Win32
		{FEFA37DE-66C8-4AF8-8D2D-1F441A543C59}.Debug|x64.ActiveCfg = Debug|Win32
		{FEFA37DE-66C8-4AF8-8D2D-1F441A543C59}.Release|Win32.ActiveCfg = Release|Win32
		{FEFA37DE-66C8-4AF8-8D2D-1F441A543C59}.Release|Win32.Build.0 = Release|Win32
		{FEFA37DE-66C8-4AF8-8D2D-1F441A543C59}.Release|x64.ActiveCfg = Release|Win32
		{F5B4778A-0A42-4E81-8AD8-5743A5F99F7F}.Debug|Win32.ActiveCfg = Debug|Win32
		{F5B4778A-0A42-4E81-8AD8-5743A5F99F7F}.Debug|Win32.Build.0 = Debug|Win32
		{F5B4778A-0A42-4E81-8AD8-5743A5F99F7F}.Debug|x64.ActiveCfg = Debug|Win32
		{F5B4778A-0A42-4E81-8AD8-5743A5F99F7F}.Release|Win32.ActiveCfg = Release|Win32
		{F5B4778A-0A42-4E81-8AD8-5743A5F99F7F}.Release|Win32.Build.0 = Release|Win32
		{F5B4778A-0A42-4E81-8AD8-5743A5F99F7F}.Release|x64.ActiveCfg = Release|Win32
		{B5D7E8CF-796B-4547-BE0A-A4A877A62456}.Debug|Win32.ActiveCfg = Debug|Win32
		{B5D7E8CF-796B-4547-BE0A-A4A877A62456}.Debug|Win32.Build.0 = Debug|Win32
		{B5D7E8CF-796B-4547-BE0A-A4A877A62456}.Debug|x64.ActiveCfg = Debug|Win32
		{B5D7E8CF-796B-4547-BE0A-A4A877A62456}.Release|Win32.ActiveCfg = Release|Win32
		{B5D7E8CF-796B-4547-BE0A-A4A877A62456}.Release|Win32.Build.0 = Release|Win32
		{B5D7E8CF-796B-4547-BE0A-A4A877A62456}.Release|x64.ActiveCfg = Release|Win32
		{624D80B4-9EE5-44FE-A7C9-8D794F4C0CD7}.Debug|Win32.ActiveCfg = Debug|Win32
		{624D80B4-9EE5-44FE-A7C9-8D794F4C0CD7}.Debug|Win32.Build.0 = Debug|Win32
		{624D80B4-9EE5-44FE-A7C9-8D794F4C0CD7}.Debug|x64.ActiveCfg = Debug|Win32
		{624D80B4-9EE5-44FE-A7C9-8D794F4C0CD7}.Release|Win32.ActiveCfg = Release|Win32
		{624D80B4-9EE5-44FE-A7C9-8D794F4C0CD7}.Release|Win32.Build.0 = Release|Win32
		{624D80B4-9EE5-44FE-A7C9-8D794F4C0CD7}.Release|x64.ActiveCfg = Release|Win32
		{F707693F-7261-4CD5-AC1A-6D2B56BE9B52}.Debug|Win32.ActiveCfg = Debug|Win32
		{F707693F-7261-4CD5-AC1A-6D2B56BE9B52}.Debug|Win32.Build.0 = Debug|Win32
		{F707693F-7261-4CD5-AC1A-6D2B56BE9B52}.Debug|x64.ActiveCfg = Debug|Win32
		{F707693F-7261-4CD5-AC1A-6D2B56BE9B52}.Release|Win32.ActiveCfg = Release|Win32
		{F707693F-7261-4CD5-AC1A-6D2B56BE9B52}.Release|Win32.Build.0 = Release|Win32
		{F707693F-7261-4CD5-AC1A-6D2B56BE9B52}.Release|x64.ActiveCfg = Release|Win32
		{20638E69-F228-4CC1-94CF-C7CE326D2D88}.Debug|Win32.ActiveCfg = Debug|Win32
		{20638E69-F228-4CC1-94CF-C7CE326D2D88}.Debug|Win32.Build.0 = Debug|Win32
		{20638E69-F228-4CC1-94CF-C7CE326D2D88}.Debug|x64.ActiveCfg = Debug|Win32
		{20638E69-F228-4CC1-94CF-C7CE326D2D88}.Release|Win32.ActiveCfg = Release|Win32
		{20638E69-F228-4CC1-94CF-C7CE326D2D88}.Release|Win32.Build.0 = Release|Win32
		{20638E69-F228-4CC1-94CF-C7CE326D2D88}.Release|x64.ActiveCfg = Release|Win32
		{C04471A6-13A6-418B-8D96-A4929C67FAA8}.Debug|Win32.ActiveCfg = Debug|Win32
		{C04471A6-13A6-418B-8D96-A4929C67FAA8}.Debug|Win32.Build.0 = Debug|Win32
		{C04471A6-13A6-418B-8D96-A4929C67FAA8}.Debug|x64.ActiveCfg = Debug|Win32
		{C04471A6-13A6-418B-8D96-A4929C67FAA8}.Release|Win32.ActiveCfg = Release|Win32
		{C04471A6-13A6-418B-8D96-A4929C67FAA8}.Release|Win32.Build.0 = Release|Win32
		{C04471A6-13A6-418B-8D96-A4929C67FAA8}.Release|x64.ActiveCfg = Release|Win32
		{7CADFBEB-B846-4BBA-856E-4F2D6E43FB9D}.Debug|Win32.ActiveCfg = Debug|Win32
		{7CADFBEB-B846-4BBA-856E-4F2D6E43FB9D}.Debug|Win32.Build.0 = Debug|Win32
		{7CADFBEB-B846-4BBA-856E-4F2D6E43FB9D}.Debug|x64.ActiveCfg = Debug|Win32
		{7CADFBEB-B846-4BBA-856E-4F2D6E43FB9D}.Release|Win32.ActiveCfg = Release|Win32
		{7CADFBEB-B846-4BBA-856E-4F2D6E43FB9D}.Release|Win32.Build.0 = Release|Win32
		{7CADFBEB-B846-4BBA-856E-4F2D6E43FB9D}.Release|x64.ActiveCfg = Release|Win32
		{2F58DECA-EBEA-4138-B980-BA511AD46B2A}.Debug|Win32.ActiveCfg = Debug|Win32
		{2F58DECA-EBEA-4138-B980-BA511AD46B2A}.Debug|Win32.Build.0 = Debug|Win32
		{2F58DECA-EBEA-4138-B980-BA511AD46B2A}.Debug|x64.ActiveCfg = Debug|Win32
		{2F58DECA-EBEA-4138-B980-BA511AD46B2A}.Release|Win32.ActiveCfg = Release|Win32
		{2F58DECA-EBEA-4138-B980-BA511AD46B2A}.Release|Win32.Build.0 = Release|Win32
		{2F58DECA-EBEA-4138-B980-BA511AD46B2A}.Release|x64.ActiveCfg = Release|Win32
		{81CB51C4-B434-4E12-B69B-BAEE102F2852}.Debug|Win32.ActiveCfg = Debug|Win32
		{81CB51C4-B434-4E12-B69B-BAEE102F2852}.Debug|Win32.Build.0 = Debug|Win32
		{81CB51C4-B434-4E12-B69B-BAEE102F2852}.Debug|x64.ActiveCfg = Debug|Win32
		{81CB51C4-B434-4E12-B69B-BAEE102F2852}.Release|Win32.ActiveCfg = Release|Win32
		{81CB51C4-B434-4E12-B69B-BAEE102F2852}.Release|Win32.Build.0 = Release|Win32
		{81CB51C4-B434-4E12-B69B-BAEE102F2852}.Release|x64.ActiveCfg = Release|Win32
		{35B8E590-78AB-7444-B8A8-171B3827EF1C}.Debug|Win32.ActiveCfg = Debug|Win32
		{35B8E590-78AB-7444-B8A8-171B3827EF1C}.Debug|Win32.Build.0 = Debug|Win32
		{35B8E590-78AB-7444-B8A8-171B3827EF1C}.Debug|x64.ActiveCfg = Debug|x64
		{35B8E590-78AB-7444-B8A8-171B3827EF1C}.Debug|x64.Build.0 = Debug|x64
		{35B8E590-78AB-7444-B8A8-171B3827EF1C}.Release|Win32.ActiveCfg = Release|Win32
		{35B8E590-78AB-7444-B8A8-171B3827EF1C}.Release|Win32.Build.0 = Release|Win32
		{35B8E590-78AB-7444-B8A8-171B3827EF1C}.Release|x64.ActiveCfg = Release|x64
		{35B8E590-78AB-7444-B8A8-171B3827EF1C}.Release|x64.Build.0 = Release|x64
		{4F1BDDF1-05B3-5441-B16F-FACB6696E8F8}.Debug|Win32.ActiveCfg = Debug|Win32
		{4F1BDDF1-05B3-5441-B16F-FACB6696E8F8}.Debug|Win32.Build.0 = Debug|Win32
		{4F1BDDF1-05B3-5441-B16F-FACB6696E8F8}.Debug|x64.ActiveCfg = Debug|x64
		{4F1BDDF1-05B3-5441-B16F-FACB6696E8F8}.Debug|x64.Build.0 = Debug|x64
		{4F1BDDF1-05B3-5441-B16F-FACB6696E8F8}.Release|Win32.ActiveCfg = Release|Win32
		{4F1BDDF1-05B3-5441-B16F-FACB6696E8F8}.Release|Win32.Build.0 = Release|Win32
		{4F1BDDF1-05B3-5441-B16F-FACB6696E8F8}.Release|x64.ActiveCfg = Release|x64
		{4F1BDDF1-05B3-5441-B16F-FACB6696E8F8}.Release|x64.Build.0 = Release|x64
		{AFBF2695-6BBA-7D41-80E4-308FCB2A37B7}.Debug|Win32.ActiveCfg = Debug|Win32
		{AFBF2695-6BBA-7D41-80E4-308FCB2A37B7}.Debug|Win32.Build.0 = Debug|Win32
		{AFBF2695-6BBA-7D41-80E4-308FCB2A37B7}.Debug|x64.ActiveCfg = Debug|x64
		{AFBF2695-6BBA-7D41-80E4-308FCB2A37B7}.Debug|x64.Build.0 = Debug|x64
		{AFBF2695-6BBA-7D41-80E4-308FCB2A37B7}.Release|Win32.ActiveCfg = Release|Win32
		{AFBF2695-6BBA-7D41-80E4-308FCB2A37B7}.Release|Win32.Build.0 = Release|Win32
		{AFBF2695-6BBA-7D41-80E4-308FCB2A37B7}.Release|x64.ActiveCfg = Release|x64
		{AFBF2695-6BBA-7D41-80E4-308FCB2A37B7}.Release|x64.Build.0 = Release|x64
	EndGlobalSection
	GlobalSection(SolutionProperties) = preSolution
		HideSolutionNode = FALSE
	EndGlobalSection
	GlobalSection(NestedProjects) = preSolution
		{F9EE10DA-2404-4154-B904-F93C936C040A} = {81660023-B6B0-44E3-BBA1-B002197813F5}
		{C878E295-CB82-4B40-8ECF-5CE5525466FA} = {81660023-B6B0-44E3-BBA1-B002197813F5}
		{B93D05ED-C73C-4797-A47B-AC898ECF0459} = {F69CE293-C8B2-4122-AAA9-1796223A98D1}
		{607BEC1E-1C28-4BB2-8B36-71377A41A631} = {F69CE293-C8B2-4122-AAA9-1796223A98D1}
		{FEFA37DE-66C8-4AF8-8D2D-1F441A543C59} = {F69CE293-C8B2-4122-AAA9-1796223A98D1}
		{F5B4778A-0A42-4E81-8AD8-5743A5F99F7F} = {F69CE293-C8B2-4122-AAA9-1796223A98D1}
		{B5D7E8CF-796B-4547-BE0A-A4A877A62456} = {F69CE293-C8B2-4122-AAA9-1796223A98D1}
		{624D80B4-9EE5-44FE-A7C9-8D794F4C0CD7} = {F69CE293-C8B2-4122-AAA9-1796223A98D1}
		{F707693F-7261-4CD5-AC1A-6D2B56BE9B52} = {F69CE293-C8B2-4122-AAA9-1796223A98D1}
		{20638E69-F228-4CC1-94CF-C7CE326D2D88} = {F69CE293-C8B2-4122-AAA9-1796223A98D1}
		{C04471A6-13A6-418B-8D96-A4929C67FAA8} = {F69CE293-C8B2-4122-AAA9-1796223A98D1}
		{7CADFBEB-B846-4BBA-856E-4F2D6E43FB9D} = {F69CE293-C8B2-4122-AAA9-1796223A98D1}
		{2F58DECA-EBEA-4138-B980-BA511AD46B2A} = {F69CE293-C8B2-4122-AAA9-1796223A98D1}
		{81CB51C4-B434-4E12-B69B-BAEE102F2852} = {F69CE293-C8B2-4122-AAA9-1796223A98D1}
		{BF00AA05-BECF-4838-8B1F-4CF8CC83B56A} = {F69CE293-C8B2-4122-AAA9-1796223A98D1}
		{4F1BDDF1-05B3-5441-B16F-FACB6696E8F8} = {634AC970-66FD-4C94-8996-239DC23143A4}
		{AFBF2695-6BBA-7D41-80E4-308FCB2A37B7} = {634AC970-66FD-4C94-8996-239DC23143A4}
		{35B8E590-78AB-7444-B8A8-171B3827EF1C} = {634AC970-66FD-4C94-8996-239DC23143A4}
	EndGlobalSection
EndGlobal
